Microsoft Visual Studio Solution File, Format Version 12.00
# Visual Studio 15
VisualStudioVersion = 15.0.28016.0
MinimumVisualStudioVersion = 10.0.40219.1
Project("{6EC3EE1D-3C4E-46DD-8F32-0CC8E7565705}") = "MiniCV", "MiniCV\MiniCV.fsproj", "{7A2659BF-0D51-4428-B237-53927CC42684}"
EndProject
Project("{6EC3EE1D-3C4E-46DD-8F32-0CC8E7565705}") = "Test", "Test\Test.fsproj", "{EED504F6-30CB-407E-8B85-054D9C508DD6}"
EndProject
Project("{2150E333-8FDC-42A3-9474-1A3956D46DE8}") = "Solution Items", "Solution Items", "{A8619B00-698E-498D-8172-484E21AE70A9}"
	ProjectSection(SolutionItems) = preProject
		..\paket.dependencies = ..\paket.dependencies
		..\RELEASE_NOTES.md = ..\RELEASE_NOTES.md
	EndProjectSection
EndProject
Global
	GlobalSection(SolutionConfigurationPlatforms) = preSolution
		Debug|Any CPU = Debug|Any CPU
		Release|Any CPU = Release|Any CPU
	EndGlobalSection
	GlobalSection(ProjectConfigurationPlatforms) = postSolution
		{7A2659BF-0D51-4428-B237-53927CC42684}.Debug|Any CPU.ActiveCfg = Debug|Any CPU
		{7A2659BF-0D51-4428-B237-53927CC42684}.Debug|Any CPU.Build.0 = Debug|Any CPU
		{7A2659BF-0D51-4428-B237-53927CC42684}.Release|Any CPU.ActiveCfg = Release|Any CPU
		{7A2659BF-0D51-4428-B237-53927CC42684}.Release|Any CPU.Build.0 = Release|Any CPU
		{EED504F6-30CB-407E-8B85-054D9C508DD6}.Debug|Any CPU.ActiveCfg = Debug|Any CPU
		{EED504F6-30CB-407E-8B85-054D9C508DD6}.Debug|Any CPU.Build.0 = Debug|Any CPU
		{EED504F6-30CB-407E-8B85-054D9C508DD6}.Release|Any CPU.ActiveCfg = Release|Any CPU
		{EED504F6-30CB-407E-8B85-054D9C508DD6}.Release|Any CPU.Build.0 = Release|Any CPU
	EndGlobalSection
	GlobalSection(SolutionProperties) = preSolution
		HideSolutionNode = FALSE
	EndGlobalSection
	GlobalSection(ExtensibilityGlobals) = postSolution
		SolutionGuid = {3A490079-F043-46C9-A5B7-87C2C66E5DA3}
	EndGlobalSection
EndGlobal
