Microsoft Visual Studio Solution File, Format Version 12.00
# Visual Studio 15
VisualStudioVersion = 15.0.28016.0
MinimumVisualStudioVersion = 10.0.40219.1
Project("{6EC3EE1D-3C4E-46DD-8F32-0CC8E7565705}") = "MiniCV", "MiniCV\MiniCV.fsproj", "{7A2659BF-0D51-4428-B237-53927CC42684}"
EndProject
Project("{8BC9CEB8-8B4A-11D0-8D11-00A0C91BC942}") = "MiniCVNative", "MiniCVNative\MiniCVNative.vcxproj", "{7F036AC8-60B4-43FF-B592-82BFA560A200}"
EndProject
Global
	GlobalSection(SolutionConfigurationPlatforms) = preSolution
		Debug|Any CPU = Debug|Any CPU
		Release|Any CPU = Release|Any CPU
	EndGlobalSection
	GlobalSection(ProjectConfigurationPlatforms) = postSolution
		{7A2659BF-0D51-4428-B237-53927CC42684}.Debug|Any CPU.ActiveCfg = Debug|Any CPU
		{7A2659BF-0D51-4428-B237-53927CC42684}.Debug|Any CPU.Build.0 = Debug|Any CPU
		{7A2659BF-0D51-4428-B237-53927CC42684}.Release|Any CPU.ActiveCfg = Release|Any CPU
		{7A2659BF-0D51-4428-B237-53927CC42684}.Release|Any CPU.Build.0 = Release|Any CPU
		{7F036AC8-60B4-43FF-B592-82BFA560A200}.Debug|Any CPU.ActiveCfg = Debug|x64
		{7F036AC8-60B4-43FF-B592-82BFA560A200}.Debug|Any CPU.Build.0 = Debug|x64
		{7F036AC8-60B4-43FF-B592-82BFA560A200}.Release|Any CPU.ActiveCfg = Release|x64
		{7F036AC8-60B4-43FF-B592-82BFA560A200}.Release|Any CPU.Build.0 = Release|x64
	EndGlobalSection
	GlobalSection(SolutionProperties) = preSolution
		HideSolutionNode = FALSE
	EndGlobalSection
	GlobalSection(ExtensibilityGlobals) = postSolution
		SolutionGuid = {3A490079-F043-46C9-A5B7-87C2C66E5DA3}
	EndGlobalSection
EndGlobal
